
Microsoft Visual Studio Solution File, Format Version 12.00
# Visual Studio Version 17
VisualStudioVersion = 17.7.34024.191
MinimumVisualStudioVersion = 10.0.40219.1
Project("{8BC9CEB8-8B4A-11D0-8D11-00A0C91BC942}") = "Project1", "Project1\Project1.vcxproj", "{01ACE89B-7920-4F74-9736-6002C66F984B}"
EndProject
Project("{8BC9CEB8-8B4A-11D0-8D11-00A0C91BC942}") = "Project2", "Project2\Project2.vcxproj", "{B23B3A11-033C-4018-BAD3-5F88B5A73E87}"
EndProject
Global
	GlobalSection(SolutionConfigurationPlatforms) = preSolution
		Debug|x64 = Debug|x64
		Debug|x86 = Debug|x86
		Release|x64 = Release|x64
		Release|x86 = Release|x86
	EndGlobalSection
	GlobalSection(ProjectConfigurationPlatforms) = postSolution
		{01ACE89B-7920-4F74-9736-6002C66F984B}.Debug|x64.ActiveCfg = Debug|x64
		{01ACE89B-7920-4F74-9736-6002C66F984B}.Debug|x64.Build.0 = Debug|x64
		{01ACE89B-7920-4F74-9736-6002C66F984B}.Debug|x86.ActiveCfg = Debug|Win32
		{01ACE89B-7920-4F74-9736-6002C66F984B}.Debug|x86.Build.0 = Debug|Win32
		{01ACE89B-7920-4F74-9736-6002C66F984B}.Release|x64.ActiveCfg = Release|x64
		{01ACE89B-7920-4F74-9736-6002C66F984B}.Release|x64.Build.0 = Release|x64
		{01ACE89B-7920-4F74-9736-6002C66F984B}.Release|x86.ActiveCfg = Release|Win32
		{01ACE89B-7920-4F74-9736-6002C66F984B}.Release|x86.Build.0 = Release|Win32
		{B23B3A11-033C-4018-BAD3-5F88B5A73E87}.Debug|x64.ActiveCfg = Debug|x64
		{B23B3A11-033C-4018-BAD3-5F88B5A73E87}.Debug|x64.Build.0 = Debug|x64
		{B23B3A11-033C-4018-BAD3-5F88B5A73E87}.Debug|x86.ActiveCfg = Debug|Win32
		{B23B3A11-033C-4018-BAD3-5F88B5A73E87}.Debug|x86.Build.0 = Debug|Win32
		{B23B3A11-033C-4018-BAD3-5F88B5A73E87}.Release|x64.ActiveCfg = Release|x64
		{B23B3A11-033C-4018-BAD3-5F88B5A73E87}.Release|x64.Build.0 = Release|x64
		{B23B3A11-033C-4018-BAD3-5F88B5A73E87}.Release|x86.ActiveCfg = Release|Win32
		{B23B3A11-033C-4018-BAD3-5F88B5A73E87}.Release|x86.Build.0 = Release|Win32
	EndGlobalSection
	GlobalSection(SolutionProperties) = preSolution
		HideSolutionNode = FALSE
	EndGlobalSection
	GlobalSection(ExtensibilityGlobals) = postSolution
		SolutionGuid = {E47213BE-BE55-4C69-A645-FFE54627D38E}
	EndGlobalSection
EndGlobal
